// !$*UTF8*$!
{
	archiveVersion = 1;
	classes = {
	};
	objectVersion = 46;
	objects = {

/* Begin PBXBuildFile section */
		58457C951C0246EA00360D4A /* AppDelegate.swift in Sources */ = {isa = PBXBuildFile; fileRef = 58457C941C0246EA00360D4A /* AppDelegate.swift */; };
		58457C971C0246EA00360D4A /* ViewController.swift in Sources */ = {isa = PBXBuildFile; fileRef = 58457C961C0246EA00360D4A /* ViewController.swift */; };
		58457C9A1C0246EA00360D4A /* Main.storyboard in Resources */ = {isa = PBXBuildFile; fileRef = 58457C981C0246EA00360D4A /* Main.storyboard */; };
		58457C9C1C0246EA00360D4A /* Assets.xcassets in Resources */ = {isa = PBXBuildFile; fileRef = 58457C9B1C0246EA00360D4A /* Assets.xcassets */; };
		58457C9F1C0246EA00360D4A /* LaunchScreen.storyboard in Resources */ = {isa = PBXBuildFile; fileRef = 58457C9D1C0246EA00360D4A /* LaunchScreen.storyboard */; };
		58457CA41C0246EA00360D4A /* Heres Me WatchKit App.app in Embed Watch Content */ = {isa = PBXBuildFile; fileRef = 58457CA31C0246EA00360D4A /* Heres Me WatchKit App.app */; };
		58457CAA1C0246EA00360D4A /* Interface.storyboard in Resources */ = {isa = PBXBuildFile; fileRef = 58457CA81C0246EA00360D4A /* Interface.storyboard */; };
		58457CAC1C0246EA00360D4A /* Assets.xcassets in Resources */ = {isa = PBXBuildFile; fileRef = 58457CAB1C0246EA00360D4A /* Assets.xcassets */; };
		58457CB31C0246EA00360D4A /* Heres Me WatchKit Extension.appex in Embed App Extensions */ = {isa = PBXBuildFile; fileRef = 58457CB21C0246EA00360D4A /* Heres Me WatchKit Extension.appex */; settings = {ATTRIBUTES = (RemoveHeadersOnCopy, ); }; };
		58457CBA1C0246EA00360D4A /* InterfaceController.swift in Sources */ = {isa = PBXBuildFile; fileRef = 58457CB91C0246EA00360D4A /* InterfaceController.swift */; };
		58457CBC1C0246EA00360D4A /* ExtensionDelegate.swift in Sources */ = {isa = PBXBuildFile; fileRef = 58457CBB1C0246EA00360D4A /* ExtensionDelegate.swift */; };
		58457CBE1C0246EA00360D4A /* NotificationController.swift in Sources */ = {isa = PBXBuildFile; fileRef = 58457CBD1C0246EA00360D4A /* NotificationController.swift */; };
		58457CC01C0246EA00360D4A /* Assets.xcassets in Resources */ = {isa = PBXBuildFile; fileRef = 58457CBF1C0246EA00360D4A /* Assets.xcassets */; };
/* End PBXBuildFile section */

/* Begin PBXContainerItemProxy section */
		58457CA51C0246EA00360D4A /* PBXContainerItemProxy */ = {
			isa = PBXContainerItemProxy;
			containerPortal = 58457C891C0246EA00360D4A /* Project object */;
			proxyType = 1;
			remoteGlobalIDString = 58457CA21C0246EA00360D4A;
			remoteInfo = "Heres Me WatchKit App";
		};
		58457CB41C0246EA00360D4A /* PBXContainerItemProxy */ = {
			isa = PBXContainerItemProxy;
			containerPortal = 58457C891C0246EA00360D4A /* Project object */;
			proxyType = 1;
			remoteGlobalIDString = 58457CB11C0246EA00360D4A;
			remoteInfo = "Heres Me WatchKit Extension";
		};
/* End PBXContainerItemProxy section */

/* Begin PBXCopyFilesBuildPhase section */
		58457CC71C0246EA00360D4A /* Embed App Extensions */ = {
			isa = PBXCopyFilesBuildPhase;
			buildActionMask = 2147483647;
			dstPath = "";
			dstSubfolderSpec = 13;
			files = (
				58457CB31C0246EA00360D4A /* Heres Me WatchKit Extension.appex in Embed App Extensions */,
			);
			name = "Embed App Extensions";
			runOnlyForDeploymentPostprocessing = 0;
		};
		58457CCB1C0246EA00360D4A /* Embed Watch Content */ = {
			isa = PBXCopyFilesBuildPhase;
			buildActionMask = 2147483647;
			dstPath = "$(CONTENTS_FOLDER_PATH)/Watch";
			dstSubfolderSpec = 16;
			files = (
				58457CA41C0246EA00360D4A /* Heres Me WatchKit App.app in Embed Watch Content */,
			);
			name = "Embed Watch Content";
			runOnlyForDeploymentPostprocessing = 0;
		};
/* End PBXCopyFilesBuildPhase section */

/* Begin PBXFileReference section */
		58457C911C0246EA00360D4A /* Heres Me.app */ = {isa = PBXFileReference; explicitFileType = wrapper.application; includeInIndex = 0; path = "Heres Me.app"; sourceTree = BUILT_PRODUCTS_DIR; };
		58457C941C0246EA00360D4A /* AppDelegate.swift */ = {isa = PBXFileReference; lastKnownFileType = sourcecode.swift; path = AppDelegate.swift; sourceTree = "<group>"; };
		58457C961C0246EA00360D4A /* ViewController.swift */ = {isa = PBXFileReference; lastKnownFileType = sourcecode.swift; path = ViewController.swift; sourceTree = "<group>"; };
		58457C991C0246EA00360D4A /* Base */ = {isa = PBXFileReference; lastKnownFileType = file.storyboard; name = Base; path = Base.lproj/Main.storyboard; sourceTree = "<group>"; };
		58457C9B1C0246EA00360D4A /* Assets.xcassets */ = {isa = PBXFileReference; lastKnownFileType = folder.assetcatalog; path = Assets.xcassets; sourceTree = "<group>"; };
		58457C9E1C0246EA00360D4A /* Base */ = {isa = PBXFileReference; lastKnownFileType = file.storyboard; name = Base; path = Base.lproj/LaunchScreen.storyboard; sourceTree = "<group>"; };
		58457CA01C0246EA00360D4A /* Info.plist */ = {isa = PBXFileReference; lastKnownFileType = text.plist.xml; path = Info.plist; sourceTree = "<group>"; };
		58457CA31C0246EA00360D4A /* Heres Me WatchKit App.app */ = {isa = PBXFileReference; explicitFileType = wrapper.application; includeInIndex = 0; path = "Heres Me WatchKit App.app"; sourceTree = BUILT_PRODUCTS_DIR; };
		58457CA91C0246EA00360D4A /* Base */ = {isa = PBXFileReference; lastKnownFileType = file.storyboard; name = Base; path = Base.lproj/Interface.storyboard; sourceTree = "<group>"; };
		58457CAB1C0246EA00360D4A /* Assets.xcassets */ = {isa = PBXFileReference; lastKnownFileType = folder.assetcatalog; path = Assets.xcassets; sourceTree = "<group>"; };
		58457CAD1C0246EA00360D4A /* Info.plist */ = {isa = PBXFileReference; lastKnownFileType = text.plist.xml; path = Info.plist; sourceTree = "<group>"; };
		58457CB21C0246EA00360D4A /* Heres Me WatchKit Extension.appex */ = {isa = PBXFileReference; explicitFileType = "wrapper.app-extension"; includeInIndex = 0; path = "Heres Me WatchKit Extension.appex"; sourceTree = BUILT_PRODUCTS_DIR; };
		58457CB91C0246EA00360D4A /* InterfaceController.swift */ = {isa = PBXFileReference; lastKnownFileType = sourcecode.swift; path = InterfaceController.swift; sourceTree = "<group>"; };
		58457CBB1C0246EA00360D4A /* ExtensionDelegate.swift */ = {isa = PBXFileReference; lastKnownFileType = sourcecode.swift; path = ExtensionDelegate.swift; sourceTree = "<group>"; };
		58457CBD1C0246EA00360D4A /* NotificationController.swift */ = {isa = PBXFileReference; lastKnownFileType = sourcecode.swift; path = NotificationController.swift; sourceTree = "<group>"; };
		58457CBF1C0246EA00360D4A /* Assets.xcassets */ = {isa = PBXFileReference; lastKnownFileType = folder.assetcatalog; path = Assets.xcassets; sourceTree = "<group>"; };
		58457CC11C0246EA00360D4A /* Info.plist */ = {isa = PBXFileReference; lastKnownFileType = text.plist.xml; path = Info.plist; sourceTree = "<group>"; };
		58457CCF1C02526300360D4A /* PushNotificationPayload-status.apns */ = {isa = PBXFileReference; lastKnownFileType = text; path = "PushNotificationPayload-status.apns"; sourceTree = "<group>"; };
		58457CD01C02527700360D4A /* PushNotificationPayload-location.apns */ = {isa = PBXFileReference; lastKnownFileType = text; path = "PushNotificationPayload-location.apns"; sourceTree = "<group>"; };
/* End PBXFileReference section */

/* Begin PBXFrameworksBuildPhase section */
		58457C8E1C0246EA00360D4A /* Frameworks */ = {
			isa = PBXFrameworksBuildPhase;
			buildActionMask = 2147483647;
			files = (
			);
			runOnlyForDeploymentPostprocessing = 0;
		};
		58457CAF1C0246EA00360D4A /* Frameworks */ = {
			isa = PBXFrameworksBuildPhase;
			buildActionMask = 2147483647;
			files = (
			);
			runOnlyForDeploymentPostprocessing = 0;
		};
/* End PBXFrameworksBuildPhase section */

/* Begin PBXGroup section */
		58457C881C0246EA00360D4A = {
			isa = PBXGroup;
			children = (
				58457C931C0246EA00360D4A /* Heres Me */,
				58457CA71C0246EA00360D4A /* Heres Me WatchKit App */,
				58457CB61C0246EA00360D4A /* Heres Me WatchKit Extension */,
				58457C921C0246EA00360D4A /* Products */,
			);
			sourceTree = "<group>";
		};
		58457C921C0246EA00360D4A /* Products */ = {
			isa = PBXGroup;
			children = (
				58457C911C0246EA00360D4A /* Heres Me.app */,
				58457CA31C0246EA00360D4A /* Heres Me WatchKit App.app */,
				58457CB21C0246EA00360D4A /* Heres Me WatchKit Extension.appex */,
			);
			name = Products;
			sourceTree = "<group>";
		};
		58457C931C0246EA00360D4A /* Heres Me */ = {
			isa = PBXGroup;
			children = (
				58457C941C0246EA00360D4A /* AppDelegate.swift */,
				58457C961C0246EA00360D4A /* ViewController.swift */,
				58457C981C0246EA00360D4A /* Main.storyboard */,
				58457C9B1C0246EA00360D4A /* Assets.xcassets */,
				58457C9D1C0246EA00360D4A /* LaunchScreen.storyboard */,
				58457CA01C0246EA00360D4A /* Info.plist */,
			);
			path = "Heres Me";
			sourceTree = "<group>";
		};
		58457CA71C0246EA00360D4A /* Heres Me WatchKit App */ = {
			isa = PBXGroup;
			children = (
				58457CA81C0246EA00360D4A /* Interface.storyboard */,
				58457CAB1C0246EA00360D4A /* Assets.xcassets */,
				58457CAD1C0246EA00360D4A /* Info.plist */,
			);
			path = "Heres Me WatchKit App";
			sourceTree = "<group>";
		};
		58457CB61C0246EA00360D4A /* Heres Me WatchKit Extension */ = {
			isa = PBXGroup;
			children = (
				58457CB91C0246EA00360D4A /* InterfaceController.swift */,
				58457CBB1C0246EA00360D4A /* ExtensionDelegate.swift */,
				58457CBD1C0246EA00360D4A /* NotificationController.swift */,
				58457CBF1C0246EA00360D4A /* Assets.xcassets */,
				58457CC11C0246EA00360D4A /* Info.plist */,
				58457CB71C0246EA00360D4A /* Supporting Files */,
			);
			path = "Heres Me WatchKit Extension";
			sourceTree = "<group>";
		};
		58457CB71C0246EA00360D4A /* Supporting Files */ = {
			isa = PBXGroup;
			children = (
				58457CCF1C02526300360D4A /* PushNotificationPayload-status.apns */,
				58457CD01C02527700360D4A /* PushNotificationPayload-location.apns */,
			);
			name = "Supporting Files";
			sourceTree = "<group>";
		};
/* End PBXGroup section */

/* Begin PBXNativeTarget section */
		58457C901C0246EA00360D4A /* Heres Me */ = {
			isa = PBXNativeTarget;
			buildConfigurationList = 58457CCC1C0246EA00360D4A /* Build configuration list for PBXNativeTarget "Heres Me" */;
			buildPhases = (
				58457C8D1C0246EA00360D4A /* Sources */,
				58457C8E1C0246EA00360D4A /* Frameworks */,
				58457C8F1C0246EA00360D4A /* Resources */,
				58457CCB1C0246EA00360D4A /* Embed Watch Content */,
			);
			buildRules = (
			);
			dependencies = (
				58457CA61C0246EA00360D4A /* PBXTargetDependency */,
			);
			name = "Heres Me";
			productName = "Heres Me";
			productReference = 58457C911C0246EA00360D4A /* Heres Me.app */;
			productType = "com.apple.product-type.application";
		};
		58457CA21C0246EA00360D4A /* Heres Me WatchKit App */ = {
			isa = PBXNativeTarget;
			buildConfigurationList = 58457CC81C0246EA00360D4A /* Build configuration list for PBXNativeTarget "Heres Me WatchKit App" */;
			buildPhases = (
				58457CA11C0246EA00360D4A /* Resources */,
				58457CC71C0246EA00360D4A /* Embed App Extensions */,
			);
			buildRules = (
			);
			dependencies = (
				58457CB51C0246EA00360D4A /* PBXTargetDependency */,
			);
			name = "Heres Me WatchKit App";
			productName = "Heres Me WatchKit App";
			productReference = 58457CA31C0246EA00360D4A /* Heres Me WatchKit App.app */;
			productType = "com.apple.product-type.application.watchapp2";
		};
		58457CB11C0246EA00360D4A /* Heres Me WatchKit Extension */ = {
			isa = PBXNativeTarget;
			buildConfigurationList = 58457CC41C0246EA00360D4A /* Build configuration list for PBXNativeTarget "Heres Me WatchKit Extension" */;
			buildPhases = (
				58457CAE1C0246EA00360D4A /* Sources */,
				58457CAF1C0246EA00360D4A /* Frameworks */,
				58457CB01C0246EA00360D4A /* Resources */,
			);
			buildRules = (
			);
			dependencies = (
			);
			name = "Heres Me WatchKit Extension";
			productName = "Heres Me WatchKit Extension";
			productReference = 58457CB21C0246EA00360D4A /* Heres Me WatchKit Extension.appex */;
			productType = "com.apple.product-type.watchkit2-extension";
		};
/* End PBXNativeTarget section */

/* Begin PBXProject section */
		58457C891C0246EA00360D4A /* Project object */ = {
			isa = PBXProject;
			attributes = {
				LastUpgradeCheck = 0700;
				ORGANIZATIONNAME = "Build watchOS Apps";
				TargetAttributes = {
					58457C901C0246EA00360D4A = {
						CreatedOnToolsVersion = 7.0.1;
					};
					58457CA21C0246EA00360D4A = {
						CreatedOnToolsVersion = 7.0.1;
					};
					58457CB11C0246EA00360D4A = {
						CreatedOnToolsVersion = 7.0.1;
					};
				};
			};
			buildConfigurationList = 58457C8C1C0246EA00360D4A /* Build configuration list for PBXProject "Heres Me" */;
			compatibilityVersion = "Xcode 3.2";
			developmentRegion = English;
			hasScannedForEncodings = 0;
			knownRegions = (
				en,
				Base,
			);
			mainGroup = 58457C881C0246EA00360D4A;
			productRefGroup = 58457C921C0246EA00360D4A /* Products */;
			projectDirPath = "";
			projectRoot = "";
			targets = (
				58457C901C0246EA00360D4A /* Heres Me */,
				58457CA21C0246EA00360D4A /* Heres Me WatchKit App */,
				58457CB11C0246EA00360D4A /* Heres Me WatchKit Extension */,
			);
		};
/* End PBXProject section */

/* Begin PBXResourcesBuildPhase section */
		58457C8F1C0246EA00360D4A /* Resources */ = {
			isa = PBXResourcesBuildPhase;
			buildActionMask = 2147483647;
			files = (
				58457C9F1C0246EA00360D4A /* LaunchScreen.storyboard in Resources */,
				58457C9C1C0246EA00360D4A /* Assets.xcassets in Resources */,
				58457C9A1C0246EA00360D4A /* Main.storyboard in Resources */,
			);
			runOnlyForDeploymentPostprocessing = 0;
		};
		58457CA11C0246EA00360D4A /* Resources */ = {
			isa = PBXResourcesBuildPhase;
			buildActionMask = 2147483647;
			files = (
				58457CAC1C0246EA00360D4A /* Assets.xcassets in Resources */,
				58457CAA1C0246EA00360D4A /* Interface.storyboard in Resources */,
			);
			runOnlyForDeploymentPostprocessing = 0;
		};
		58457CB01C0246EA00360D4A /* Resources */ = {
			isa = PBXResourcesBuildPhase;
			buildActionMask = 2147483647;
			files = (
				58457CC01C0246EA00360D4A /* Assets.xcassets in Resources */,
			);
			runOnlyForDeploymentPostprocessing = 0;
		};
/* End PBXResourcesBuildPhase section */

/* Begin PBXSourcesBuildPhase section */
		58457C8D1C0246EA00360D4A /* Sources */ = {
			isa = PBXSourcesBuildPhase;
			buildActionMask = 2147483647;
			files = (
				58457C971C0246EA00360D4A /* ViewController.swift in Sources */,
				58457C951C0246EA00360D4A /* AppDelegate.swift in Sources */,
			);
			runOnlyForDeploymentPostprocessing = 0;
		};
		58457CAE1C0246EA00360D4A /* Sources */ = {
			isa = PBXSourcesBuildPhase;
			buildActionMask = 2147483647;
			files = (
				58457CBE1C0246EA00360D4A /* NotificationController.swift in Sources */,
				58457CBC1C0246EA00360D4A /* ExtensionDelegate.swift in Sources */,
				58457CBA1C0246EA00360D4A /* InterfaceController.swift in Sources */,
			);
			runOnlyForDeploymentPostprocessing = 0;
		};
/* End PBXSourcesBuildPhase section */

/* Begin PBXTargetDependency section */
		58457CA61C0246EA00360D4A /* PBXTargetDependency */ = {
			isa = PBXTargetDependency;
			target = 58457CA21C0246EA00360D4A /* Heres Me WatchKit App */;
			targetProxy = 58457CA51C0246EA00360D4A /* PBXContainerItemProxy */;
		};
		58457CB51C0246EA00360D4A /* PBXTargetDependency */ = {
			isa = PBXTargetDependency;
			target = 58457CB11C0246EA00360D4A /* Heres Me WatchKit Extension */;
			targetProxy = 58457CB41C0246EA00360D4A /* PBXContainerItemProxy */;
		};
/* End PBXTargetDependency section */

/* Begin PBXVariantGroup section */
		58457C981C0246EA00360D4A /* Main.storyboard */ = {
			isa = PBXVariantGroup;
			children = (
				58457C991C0246EA00360D4A /* Base */,
			);
			name = Main.storyboard;
			sourceTree = "<group>";
		};
		58457C9D1C0246EA00360D4A /* LaunchScreen.storyboard */ = {
			isa = PBXVariantGroup;
			children = (
				58457C9E1C0246EA00360D4A /* Base */,
			);
			name = LaunchScreen.storyboard;
			sourceTree = "<group>";
		};
		58457CA81C0246EA00360D4A /* Interface.storyboard */ = {
			isa = PBXVariantGroup;
			children = (
				58457CA91C0246EA00360D4A /* Base */,
			);
			name = Interface.storyboard;
			sourceTree = "<group>";
		};
/* End PBXVariantGroup section */

/* Begin XCBuildConfiguration section */
		58457CC21C0246EA00360D4A /* Debug */ = {
			isa = XCBuildConfiguration;
			buildSettings = {
				ALWAYS_SEARCH_USER_PATHS = NO;
				CLANG_CXX_LANGUAGE_STANDARD = "gnu++0x";
				CLANG_CXX_LIBRARY = "libc++";
				CLANG_ENABLE_MODULES = YES;
				CLANG_ENABLE_OBJC_ARC = YES;
				CLANG_WARN_BOOL_CONVERSION = YES;
				CLANG_WARN_CONSTANT_CONVERSION = YES;
				CLANG_WARN_DIRECT_OBJC_ISA_USAGE = YES_ERROR;
				CLANG_WARN_EMPTY_BODY = YES;
				CLANG_WARN_ENUM_CONVERSION = YES;
				CLANG_WARN_INT_CONVERSION = YES;
				CLANG_WARN_OBJC_ROOT_CLASS = YES_ERROR;
				CLANG_WARN_UNREACHABLE_CODE = YES;
				CLANG_WARN__DUPLICATE_METHOD_MATCH = YES;
				"CODE_SIGN_IDENTITY[sdk=iphoneos*]" = "iPhone Developer";
				COPY_PHASE_STRIP = NO;
				DEBUG_INFORMATION_FORMAT = dwarf;
				ENABLE_STRICT_OBJC_MSGSEND = YES;
				ENABLE_TESTABILITY = YES;
				GCC_C_LANGUAGE_STANDARD = gnu99;
				GCC_DYNAMIC_NO_PIC = NO;
				GCC_NO_COMMON_BLOCKS = YES;
				GCC_OPTIMIZATION_LEVEL = 0;
				GCC_PREPROCESSOR_DEFINITIONS = (
					"DEBUG=1",
					"$(inherited)",
				);
				GCC_WARN_64_TO_32_BIT_CONVERSION = YES;
				GCC_WARN_ABOUT_RETURN_TYPE = YES_ERROR;
				GCC_WARN_UNDECLARED_SELECTOR = YES;
				GCC_WARN_UNINITIALIZED_AUTOS = YES_AGGRESSIVE;
				GCC_WARN_UNUSED_FUNCTION = YES;
				GCC_WARN_UNUSED_VARIABLE = YES;
				IPHONEOS_DEPLOYMENT_TARGET = 9.0;
				MTL_ENABLE_DEBUG_INFO = YES;
				ONLY_ACTIVE_ARCH = YES;
				SDKROOT = iphoneos;
				SWIFT_OPTIMIZATION_LEVEL = "-Onone";
				TARGETED_DEVICE_FAMILY = "1,2";
			};
			name = Debug;
		};
		58457CC31C0246EA00360D4A /* Release */ = {
			isa = XCBuildConfiguration;
			buildSettings = {
				ALWAYS_SEARCH_USER_PATHS = NO;
				CLANG_CXX_LANGUAGE_STANDARD = "gnu++0x";
				CLANG_CXX_LIBRARY = "libc++";
				CLANG_ENABLE_MODULES = YES;
				CLANG_ENABLE_OBJC_ARC = YES;
				CLANG_WARN_BOOL_CONVERSION = YES;
				CLANG_WARN_CONSTANT_CONVERSION = YES;
				CLANG_WARN_DIRECT_OBJC_ISA_USAGE = YES_ERROR;
				CLANG_WARN_EMPTY_BODY = YES;
				CLANG_WARN_ENUM_CONVERSION = YES;
				CLANG_WARN_INT_CONVERSION = YES;
				CLANG_WARN_OBJC_ROOT_CLASS = YES_ERROR;
				CLANG_WARN_UNREACHABLE_CODE = YES;
				CLANG_WARN__DUPLICATE_METHOD_MATCH = YES;
				"CODE_SIGN_IDENTITY[sdk=iphoneos*]" = "iPhone Developer";
				COPY_PHASE_STRIP = NO;
				DEBUG_INFORMATION_FORMAT = "dwarf-with-dsym";
				ENABLE_NS_ASSERTIONS = NO;
				ENABLE_STRICT_OBJC_MSGSEND = YES;
				GCC_C_LANGUAGE_STANDARD = gnu99;
				GCC_NO_COMMON_BLOCKS = YES;
				GCC_WARN_64_TO_32_BIT_CONVERSION = YES;
				GCC_WARN_ABOUT_RETURN_TYPE = YES_ERROR;
				GCC_WARN_UNDECLARED_SELECTOR = YES;
				GCC_WARN_UNINITIALIZED_AUTOS = YES_AGGRESSIVE;
				GCC_WARN_UNUSED_FUNCTION = YES;
				GCC_WARN_UNUSED_VARIABLE = YES;
				IPHONEOS_DEPLOYMENT_TARGET = 9.0;
				MTL_ENABLE_DEBUG_INFO = NO;
				SDKROOT = iphoneos;
				TARGETED_DEVICE_FAMILY = "1,2";
				VALIDATE_PRODUCT = YES;
			};
			name = Release;
		};
		58457CC51C0246EA00360D4A /* Debug */ = {
			isa = XCBuildConfiguration;
			buildSettings = {
				INFOPLIST_FILE = "Heres Me WatchKit Extension/Info.plist";
				LD_RUNPATH_SEARCH_PATHS = "$(inherited) @executable_path/Frameworks @executable_path/../../Frameworks";
				PRODUCT_BUNDLE_IDENTIFIER = "build.watchosapps.Heres-Me.watchkitapp.watchkitextension";
				PRODUCT_NAME = "${TARGET_NAME}";
				SDKROOT = watchos;
				SKIP_INSTALL = YES;
				TARGETED_DEVICE_FAMILY = 4;
				WATCHOS_DEPLOYMENT_TARGET = 2.0;
			};
			name = Debug;
		};
		58457CC61C0246EA00360D4A /* Release */ = {
			isa = XCBuildConfiguration;
			buildSettings = {
				INFOPLIST_FILE = "Heres Me WatchKit Extension/Info.plist";
				LD_RUNPATH_SEARCH_PATHS = "$(inherited) @executable_path/Frameworks @executable_path/../../Frameworks";
				PRODUCT_BUNDLE_IDENTIFIER = "build.watchosapps.Heres-Me.watchkitapp.watchkitextension";
				PRODUCT_NAME = "${TARGET_NAME}";
				SDKROOT = watchos;
				SKIP_INSTALL = YES;
				TARGETED_DEVICE_FAMILY = 4;
				WATCHOS_DEPLOYMENT_TARGET = 2.0;
			};
			name = Release;
		};
		58457CC91C0246EA00360D4A /* Debug */ = {
			isa = XCBuildConfiguration;
			buildSettings = {
				ASSETCATALOG_COMPILER_APPICON_NAME = AppIcon;
				EMBEDDED_CONTENT_CONTAINS_SWIFT = YES;
				IBSC_MODULE = Heres_Me_WatchKit_Extension;
				INFOPLIST_FILE = "Heres Me WatchKit App/Info.plist";
				PRODUCT_BUNDLE_IDENTIFIER = "build.watchosapps.Heres-Me.watchkitapp";
				PRODUCT_NAME = "$(TARGET_NAME)";
				SDKROOT = watchos;
				SKIP_INSTALL = YES;
				TARGETED_DEVICE_FAMILY = 4;
				WATCHOS_DEPLOYMENT_TARGET = 2.0;
			};
			name = Debug;
		};
		58457CCA1C0246EA00360D4A /* Release */ = {
			isa = XCBuildConfiguration;
			buildSettings = {
				ASSETCATALOG_COMPILER_APPICON_NAME = AppIcon;
				EMBEDDED_CONTENT_CONTAINS_SWIFT = YES;
				IBSC_MODULE = Heres_Me_WatchKit_Extension;
				INFOPLIST_FILE = "Heres Me WatchKit App/Info.plist";
				PRODUCT_BUNDLE_IDENTIFIER = "build.watchosapps.Heres-Me.watchkitapp";
				PRODUCT_NAME = "$(TARGET_NAME)";
				SDKROOT = watchos;
				SKIP_INSTALL = YES;
				TARGETED_DEVICE_FAMILY = 4;
				WATCHOS_DEPLOYMENT_TARGET = 2.0;
			};
			name = Release;
		};
		58457CCD1C0246EA00360D4A /* Debug */ = {
			isa = XCBuildConfiguration;
			buildSettings = {
				ASSETCATALOG_COMPILER_APPICON_NAME = AppIcon;
				INFOPLIST_FILE = "Heres Me/Info.plist";
				LD_RUNPATH_SEARCH_PATHS = "$(inherited) @executable_path/Frameworks";
				PRODUCT_BUNDLE_IDENTIFIER = "build.watchosapps.Heres-Me";
				PRODUCT_NAME = "$(TARGET_NAME)";
			};
			name = Debug;
		};
		58457CCE1C0246EA00360D4A /* Release */ = {
			isa = XCBuildConfiguration;
			buildSettings = {
				ASSETCATALOG_COMPILER_APPICON_NAME = AppIcon;
				INFOPLIST_FILE = "Heres Me/Info.plist";
				LD_RUNPATH_SEARCH_PATHS = "$(inherited) @executable_path/Frameworks";
				PRODUCT_BUNDLE_IDENTIFIER = "build.watchosapps.Heres-Me";
				PRODUCT_NAME = "$(TARGET_NAME)";
			};
			name = Release;
		};
/* End XCBuildConfiguration section */

/* Begin XCConfigurationList section */
		58457C8C1C0246EA00360D4A /* Build configuration list for PBXProject "Heres Me" */ = {
			isa = XCConfigurationList;
			buildConfigurations = (
				58457CC21C0246EA00360D4A /* Debug */,
				58457CC31C0246EA00360D4A /* Release */,
			);
			defaultConfigurationIsVisible = 0;
			defaultConfigurationName = Release;
		};
		58457CC41C0246EA00360D4A /* Build configuration list for PBXNativeTarget "Heres Me WatchKit Extension" */ = {
			isa = XCConfigurationList;
			buildConfigurations = (
				58457CC51C0246EA00360D4A /* Debug */,
				58457CC61C0246EA00360D4A /* Release */,
			);
			defaultConfigurationIsVisible = 0;
		};
		58457CC81C0246EA00360D4A /* Build configuration list for PBXNativeTarget "Heres Me WatchKit App" */ = {
			isa = XCConfigurationList;
			buildConfigurations = (
				58457CC91C0246EA00360D4A /* Debug */,
				58457CCA1C0246EA00360D4A /* Release */,
			);
			defaultConfigurationIsVisible = 0;
		};
		58457CCC1C0246EA00360D4A /* Build configuration list for PBXNativeTarget "Heres Me" */ = {
			isa = XCConfigurationList;
			buildConfigurations = (
				58457CCD1C0246EA00360D4A /* Debug */,
				58457CCE1C0246EA00360D4A /* Release */,
			);
			defaultConfigurationIsVisible = 0;
		};
/* End XCConfigurationList section */
	};
	rootObject = 58457C891C0246EA00360D4A /* Project object */;
}
